
Microsoft Visual Studio Solution File, Format Version 12.00
# Visual Studio Version 16
VisualStudioVersion = 16.0.31515.178
MinimumVisualStudioVersion = 10.0.40219.1
Project("{FAE04EC0-301F-11D3-BF4B-00C04F79EFBC}") = "Exercises13,14,15", "Exercises13,14,15\Exercises13,14,15.csproj", "{3421C4DB-6F88-4200-8768-52699F694E9A}"
EndProject
Global
	GlobalSection(SolutionConfigurationPlatforms) = preSolution
		Debug|Any CPU = Debug|Any CPU
		Release|Any CPU = Release|Any CPU
	EndGlobalSection
	GlobalSection(ProjectConfigurationPlatforms) = postSolution
		{3421C4DB-6F88-4200-8768-52699F694E9A}.Debug|Any CPU.ActiveCfg = Debug|Any CPU
		{3421C4DB-6F88-4200-8768-52699F694E9A}.Debug|Any CPU.Build.0 = Debug|Any CPU
		{3421C4DB-6F88-4200-8768-52699F694E9A}.Release|Any CPU.ActiveCfg = Release|Any CPU
		{3421C4DB-6F88-4200-8768-52699F694E9A}.Release|Any CPU.Build.0 = Release|Any CPU
	EndGlobalSection
	GlobalSection(SolutionProperties) = preSolution
		HideSolutionNode = FALSE
	EndGlobalSection
	GlobalSection(ExtensibilityGlobals) = postSolution
		SolutionGuid = {2F401BCA-E263-44CD-A01E-77CEAA662B87}
	EndGlobalSection
EndGlobal
